github.com/BurntSushi/toml v0.0.0-20170626110600-a368813c5e64 h1:BuYewlQyh/jroxY8qx41SrzD8Go17GkyCyAeVmprvQI=
github.com/BurntSushi/toml v0.0.0-20170626110600-a368813c5e64/go.mod h1:xHWCNGjB5oqiDr8zfno3MHue2Ht5sIBksp03qcyfWMU=
github.com/elazarl/goproxy v0.0.0-20180530192236-91d82cc1070b h1:QIjn4ZJpABVhL0t7xiO6081KKqCl96Z9wPkQXmdngBA=
github.com/elazarl/goproxy v0.0.0-20180530192236-91d82cc1070b/go.mod h1:/Zj4wYkgs4iZTTu3o/KG3Itv/qCCa8VVMlb3i9OVuzc=
