# This file is autogenerated, do not edit; changes may be undone by the next 'dep ensure'.


[[projects]]
  branch = "master"
  name = "github.com/BurntSushi/toml"
  packages = ["."]
  revision = "a368813c5e648fee92e5f6c30e3944ff9d5e8895"

[[projects]]
  branch = "master"
  name = "github.com/elazarl/goproxy"
  packages = ["."]
  revision = "aacba83f36a55ac31cbb71c06547a328c0cd1604"

[solve-meta]
  analyzer-name = "dep"
  analyzer-version = 1
  inputs-digest = "c34a7d61418342fbf0304900fd2b050735d10404c7cb04150965f94d701ba408"
  solver-name = "gps-cdcl"
  solver-version = 1
